{
  "name": "transformerlab",
  "version": "0.23.1",
  "lockfileVersion": 3,
  "requires": true,
  "packages": {
    "": {
      "name": "transformerlab",
      "version": "0.23.1",
      "hasInstallScript": true,
      "license": "AGPL-3.0",
      "dependencies": {
        "ssh2": "^1.14.0"
      }
    },
    "node_modules/asn1": {
      "version": "0.2.6",
      "license": "MIT",
      "dependencies": {
        "safer-buffer": "~2.1.0"
      }
    },
    "node_modules/bcrypt-pbkdf": {
      "version": "1.0.2",
      "license": "BSD-3-Clause",
      "dependencies": {
        "tweetnacl": "^0.14.3"
      }
    },
    "node_modules/buildcheck": {
      "version": "0.0.6",
      "optional": true,
      "engines": {
        "node": ">=10.0.0"
      }
    },
    "node_modules/cpu-features": {
      "version": "0.0.9",
      "hasInstallScript": true,
      "optional": true,
      "dependencies": {
        "buildcheck": "~0.0.6",
        "nan": "^2.17.0"
      },
      "engines": {
        "node": ">=10.0.0"
      }
    },
    "node_modules/nan": {
      "version": "2.18.0",
      "license": "MIT",
      "optional": true
    },
    "node_modules/safer-buffer": {
      "version": "2.1.2",
      "license": "MIT"
    },
    "node_modules/ssh2": {
      "version": "1.14.0",
      "hasInstallScript": true,
      "dependencies": {
        "asn1": "^0.2.6",
        "bcrypt-pbkdf": "^1.0.2"
      },
      "engines": {
        "node": ">=10.16.0"
      },
      "optionalDependencies": {
        "cpu-features": "~0.0.8",
        "nan": "^2.17.0"
      }
    },
    "node_modules/tweetnacl": {
      "version": "0.14.5",
      "license": "Unlicense"
    }
  }
}
